
Microsoft Visual Studio Solution File, Format Version 12.00
# Visual Studio Version 16
VisualStudioVersion = 16.0.30503.244
MinimumVisualStudioVersion = 10.0.40219.1
Project("{FAE04EC0-301F-11D3-BF4B-00C04F79EFBC}") = "ToldecaAppCore", "ToldecaAppCore.csproj", "{F1E38AEB-BAF8-4FA7-838F-C61FD5F06105}"
EndProject
Global
	GlobalSection(SolutionConfigurationPlatforms) = preSolution
		Debug|Any CPU = Debug|Any CPU
		Release|Any CPU = Release|Any CPU
	EndGlobalSection
	GlobalSection(ProjectConfigurationPlatforms) = postSolution
		{F1E38AEB-BAF8-4FA7-838F-C61FD5F06105}.Debug|Any CPU.ActiveCfg = Debug|Any CPU
		{F1E38AEB-BAF8-4FA7-838F-C61FD5F06105}.Debug|Any CPU.Build.0 = Debug|Any CPU
		{F1E38AEB-BAF8-4FA7-838F-C61FD5F06105}.Release|Any CPU.ActiveCfg = Release|Any CPU
		{F1E38AEB-BAF8-4FA7-838F-C61FD5F06105}.Release|Any CPU.Build.0 = Release|Any CPU
	EndGlobalSection
	GlobalSection(SolutionProperties) = preSolution
		HideSolutionNode = FALSE
	EndGlobalSection
	GlobalSection(ExtensibilityGlobals) = postSolution
		SolutionGuid = {713CBD92-930A-44A7-AC08-2DD1FFD8AB53}
	EndGlobalSection
EndGlobal
